{
  "name": "lec-3-server",
  "version": "1.0.0",
  "lockfileVersion": 3,
  "requires": true,
  "packages": {
    "": {
      "name": "lec-3-server",
      "version": "1.0.0",
      "license": "ISC",
      "dependencies": {
        "lec-3-server": "file:"
      }
    },
    "node_modules/lec-3-server": {
      "resolved": "",
      "link": true
    }
  }
}
